<?xml version="1.0" encoding="UTF-8" standalone="yes" ?>
<CodeBlocks_project_file>
	<FileVersion major="1" minor="6" />
	<Project>
		<Option title="MyEngine" />
		<Option pch_mode="2" />
		<Option compiler="gcc" />
		<Option virtualFolders="headers/;main/" />
		<Build>
			<Target title="Debug">
				<Option output="../../_build/MyEngine" prefix_auto="1" extension_auto="1" />
				<Option working_dir="../../_build" />
				<Option object_output="obj/Debug/" />
				<Option type="3" />
				<Option compiler="gcc" />
				<Option createDefFile="1" />
				<Option createStaticLib="1" />
				<Compiler>
					<Add option="-Wall" />
					<Add option="-g" />
				</Compiler>
			</Target>
			<Target title="Release">
				<Option output="../../_build/MyEngine" prefix_auto="1" extension_auto="1" />
				<Option working_dir="../../_build" />
				<Option object_output="obj/Release/" />
				<Option type="3" />
				<Option compiler="gcc" />
				<Option createDefFile="1" />
				<Option createStaticLib="1" />
				<Compiler>
					<Add option="-Wall" />
					<Add option="-O2" />
				</Compiler>
				<Linker>
					<Add option="-s" />
				</Linker>
			</Target>
		</Build>
		<Compiler>
			<Add option="-DBUILD_ON_WINDOWS" />
			<Add option="-DGLEW_STATIC" />
			<Add option="-DME_BUILD_PREFABS" />
			<Add directory="../../_depend/headers" />
			<Add directory="../aaaa0ggmcLib/headers" />
		</Compiler>
		<Linker>
			<Add library="glew32" />
			<Add library="opengl32" />
			<Add library="glfw3" />
			<Add library="freetype" />
			<Add library="sfml-system-s" />
			<Add library="sfml-audio-s" />
			<Add library="FLAC" />
			<Add library="ogg" />
			<Add library="vorbis" />
			<Add library="vorbisenc" />
			<Add library="vorbisfile" />
			<Add library="gdi32" />
			<Add library="aaaa0ggmclib" />
			<Add directory="../../_depend/libs" />
			<Add directory="../../_build" />
		</Linker>
		<Unit filename="../../_depend/headers/ME.h">
			<Option virtualFolder="headers/" />
		</Unit>
		<Unit filename="ME.cpp">
			<Option virtualFolder="main/" />
		</Unit>
		<Extensions />
	</Project>
</CodeBlocks_project_file>
